Microsoft Visual Studio Solution File, Format Version 12.00
# Visual Studio 15
VisualStudioVersion = 15.0.27703.2042
MinimumVisualStudioVersion = 10.0.40219.1
Project("{FAE04EC0-301F-11D3-BF4B-00C04F79EFBC}") = "IO.Swagger", "src\IO.Swagger\IO.Swagger.csproj", "{A7BDAA36-583A-4CEB-B52F-C4A8D43E195B}"
EndProject
Project("{FAE04EC0-301F-11D3-BF4B-00C04F79EFBC}") = "IO.Swagger.Test", "src\IO.Swagger.Test\IO.Swagger.Test.csproj", "{19F1DEBC-DE5E-4517-8062-F000CD499087}"
EndProject
Project("{FAE04EC0-301F-11D3-BF4B-00C04F79EFBC}") = "UserInterface", "UserInterface\UserInterface.csproj", "{3F0FC70B-ED6F-4A7B-9B83-B2A8E3549732}"
EndProject
Global
	GlobalSection(SolutionConfigurationPlatforms) = preSolution
		Debug|Any CPU = Debug|Any CPU
		Release|Any CPU = Release|Any CPU
	EndGlobalSection
	GlobalSection(ProjectConfigurationPlatforms) = postSolution
		{A7BDAA36-583A-4CEB-B52F-C4A8D43E195B}.Debug|Any CPU.ActiveCfg = Debug|Any CPU
		{A7BDAA36-583A-4CEB-B52F-C4A8D43E195B}.Debug|Any CPU.Build.0 = Debug|Any CPU
		{A7BDAA36-583A-4CEB-B52F-C4A8D43E195B}.Release|Any CPU.ActiveCfg = Release|Any CPU
		{A7BDAA36-583A-4CEB-B52F-C4A8D43E195B}.Release|Any CPU.Build.0 = Release|Any CPU
		{19F1DEBC-DE5E-4517-8062-F000CD499087}.Debug|Any CPU.ActiveCfg = Debug|Any CPU
		{19F1DEBC-DE5E-4517-8062-F000CD499087}.Debug|Any CPU.Build.0 = Debug|Any CPU
		{19F1DEBC-DE5E-4517-8062-F000CD499087}.Release|Any CPU.ActiveCfg = Release|Any CPU
		{19F1DEBC-DE5E-4517-8062-F000CD499087}.Release|Any CPU.Build.0 = Release|Any CPU
		{3F0FC70B-ED6F-4A7B-9B83-B2A8E3549732}.Debug|Any CPU.ActiveCfg = Debug|Any CPU
		{3F0FC70B-ED6F-4A7B-9B83-B2A8E3549732}.Debug|Any CPU.Build.0 = Debug|Any CPU
		{3F0FC70B-ED6F-4A7B-9B83-B2A8E3549732}.Release|Any CPU.ActiveCfg = Release|Any CPU
		{3F0FC70B-ED6F-4A7B-9B83-B2A8E3549732}.Release|Any CPU.Build.0 = Release|Any CPU
	EndGlobalSection
	GlobalSection(SolutionProperties) = preSolution
		HideSolutionNode = FALSE
	EndGlobalSection
	GlobalSection(ExtensibilityGlobals) = postSolution
		SolutionGuid = {336FAB34-9EC0-47D3-9FFB-74DD51D5828E}
	EndGlobalSection
EndGlobal
